
Microsoft Visual Studio Solution File, Format Version 12.00
# Visual Studio Version 17
VisualStudioVersion = 17.9.34701.34
MinimumVisualStudioVersion = 10.0.40219.1
Project("{FAE04EC0-301F-11D3-BF4B-00C04F79EFBC}") = "BlazorApp", "BlazorApp.csproj", "{9B6A7415-1BFE-452F-B5CF-11D523A7A224}"
EndProject
Global
	GlobalSection(SolutionConfigurationPlatforms) = preSolution
		Debug|Any CPU = Debug|Any CPU
		Release|Any CPU = Release|Any CPU
	EndGlobalSection
	GlobalSection(ProjectConfigurationPlatforms) = postSolution
		{9B6A7415-1BFE-452F-B5CF-11D523A7A224}.Debug|Any CPU.ActiveCfg = Debug|Any CPU
		{9B6A7415-1BFE-452F-B5CF-11D523A7A224}.Debug|Any CPU.Build.0 = Debug|Any CPU
		{9B6A7415-1BFE-452F-B5CF-11D523A7A224}.Release|Any CPU.ActiveCfg = Release|Any CPU
		{9B6A7415-1BFE-452F-B5CF-11D523A7A224}.Release|Any CPU.Build.0 = Release|Any CPU
	EndGlobalSection
	GlobalSection(SolutionProperties) = preSolution
		HideSolutionNode = FALSE
	EndGlobalSection
	GlobalSection(ExtensibilityGlobals) = postSolution
		SolutionGuid = {0EE6E855-B706-4A16-9C75-08744F617379}
	EndGlobalSection
EndGlobal
